
Microsoft Visual Studio Solution File, Format Version 12.00
# Visual Studio Version 16
VisualStudioVersion = 16.0.29728.190
MinimumVisualStudioVersion = 10.0.40219.1
Project("{FAE04EC0-301F-11D3-BF4B-00C04F79EFBC}") = "UploadDeArq", "UploadDeArq\UploadDeArq.csproj", "{B5ADB994-6D9D-42A9-A574-BD96880C0250}"
EndProject
Global
	GlobalSection(SolutionConfigurationPlatforms) = preSolution
		Debug|Any CPU = Debug|Any CPU
		Release|Any CPU = Release|Any CPU
	EndGlobalSection
	GlobalSection(ProjectConfigurationPlatforms) = postSolution
		{B5ADB994-6D9D-42A9-A574-BD96880C0250}.Debug|Any CPU.ActiveCfg = Debug|Any CPU
		{B5ADB994-6D9D-42A9-A574-BD96880C0250}.Debug|Any CPU.Build.0 = Debug|Any CPU
		{B5ADB994-6D9D-42A9-A574-BD96880C0250}.Release|Any CPU.ActiveCfg = Release|Any CPU
		{B5ADB994-6D9D-42A9-A574-BD96880C0250}.Release|Any CPU.Build.0 = Release|Any CPU
	EndGlobalSection
	GlobalSection(SolutionProperties) = preSolution
		HideSolutionNode = FALSE
	EndGlobalSection
	GlobalSection(ExtensibilityGlobals) = postSolution
		SolutionGuid = {BE780BED-C8FE-4E2B-B7F1-359D5929D7A0}
	EndGlobalSection
EndGlobal
